{
  "name": "reels",
  "version": "1.0.0",
  "lockfileVersion": 3,
  "requires": true,
  "packages": {
    "": {
      "name": "reels",
      "version": "1.0.0",
      "license": "ISC",
      "dependencies": {
        "@fontsource/vazirmatn": "^5.3.0"
      }
    },
    "node_modules/@fontsource/vazirmatn": {
      "version": "5.3.0",
      "resolved": "https://registry.npmjs.org/@fontsource/vazirmatn/-/vazirmatn-5.3.0.tgz",
      "integrity": "sha512-XC/2yN2r5gwhFT3klSuWaqncODX2DOfRYfNmbyzgtWYxHxMC+tcoaX+tgggrm6hSkEgpR1TuSDEf1PiI91G7qg==",
      "license": "OFL-1.1",
      "funding": {
        "url": "https://github.com/sponsors/ayuhito"
      }
    }
  }
}
